
Microsoft Visual Studio Solution File, Format Version 12.00
# Visual Studio Version 16
VisualStudioVersion = 16.0.30804.86
MinimumVisualStudioVersion = 10.0.40219.1
Project("{FAE04EC0-301F-11D3-BF4B-00C04F79EFBC}") = "MouseRunner", "MouseRunner\MouseRunner.csproj", "{4598D9A1-5F57-43EF-B00F-7AA4F25DDDA0}"
EndProject
Global
	GlobalSection(SolutionConfigurationPlatforms) = preSolution
		Debug|Any CPU = Debug|Any CPU
		Release|Any CPU = Release|Any CPU
	EndGlobalSection
	GlobalSection(ProjectConfigurationPlatforms) = postSolution
		{4598D9A1-5F57-43EF-B00F-7AA4F25DDDA0}.Debug|Any CPU.ActiveCfg = Debug|Any CPU
		{4598D9A1-5F57-43EF-B00F-7AA4F25DDDA0}.Debug|Any CPU.Build.0 = Debug|Any CPU
		{4598D9A1-5F57-43EF-B00F-7AA4F25DDDA0}.Release|Any CPU.ActiveCfg = Release|Any CPU
		{4598D9A1-5F57-43EF-B00F-7AA4F25DDDA0}.Release|Any CPU.Build.0 = Release|Any CPU
	EndGlobalSection
	GlobalSection(SolutionProperties) = preSolution
		HideSolutionNode = FALSE
	EndGlobalSection
	GlobalSection(ExtensibilityGlobals) = postSolution
		SolutionGuid = {3A8B37C4-6B10-4B74-ADC8-B7557FFE9A4F}
	EndGlobalSection
EndGlobal
